
Microsoft Visual Studio Solution File, Format Version 12.00
# Visual Studio Version 17
VisualStudioVersion = 17.4.33213.308
MinimumVisualStudioVersion = 10.0.40219.1
Project("{9A19103F-16F7-4668-BE54-9A1E7A4F7556}") = "ChallengeApp", "ChallengeApp\ChallengeApp.csproj", "{D16765BC-8CA8-441C-9B0B-E24143655F8A}"
EndProject
Project("{FAE04EC0-301F-11D3-BF4B-00C04F79EFBC}") = "ChallengeApp.Tests", "ChallengeApp.Tests\ChallengeApp.Tests.csproj", "{9695978B-53AF-4206-972C-B58B1732FF70}"
EndProject
Global
	GlobalSection(SolutionConfigurationPlatforms) = preSolution
		Debug|Any CPU = Debug|Any CPU
		Release|Any CPU = Release|Any CPU
	EndGlobalSection
	GlobalSection(ProjectConfigurationPlatforms) = postSolution
		{D16765BC-8CA8-441C-9B0B-E24143655F8A}.Debug|Any CPU.ActiveCfg = Debug|Any CPU
		{D16765BC-8CA8-441C-9B0B-E24143655F8A}.Debug|Any CPU.Build.0 = Debug|Any CPU
		{D16765BC-8CA8-441C-9B0B-E24143655F8A}.Release|Any CPU.ActiveCfg = Release|Any CPU
		{D16765BC-8CA8-441C-9B0B-E24143655F8A}.Release|Any CPU.Build.0 = Release|Any CPU
		{9695978B-53AF-4206-972C-B58B1732FF70}.Debug|Any CPU.ActiveCfg = Debug|Any CPU
		{9695978B-53AF-4206-972C-B58B1732FF70}.Debug|Any CPU.Build.0 = Debug|Any CPU
		{9695978B-53AF-4206-972C-B58B1732FF70}.Release|Any CPU.ActiveCfg = Release|Any CPU
		{9695978B-53AF-4206-972C-B58B1732FF70}.Release|Any CPU.Build.0 = Release|Any CPU
	EndGlobalSection
	GlobalSection(SolutionProperties) = preSolution
		HideSolutionNode = FALSE
	EndGlobalSection
	GlobalSection(ExtensibilityGlobals) = postSolution
		SolutionGuid = {B276B628-155E-4D02-B28E-F37B54B6BA56}
	EndGlobalSection
EndGlobal
